
Microsoft Visual Studio Solution File, Format Version 12.00
# Visual Studio 15
Project("{FAE04EC0-301F-11D3-BF4B-00C04F79EFBC}") = "Assembly-CSharp", "Assembly-CSharp.csproj", "{A94BE062-E19F-8016-C883-6E9611F3C5F8}"
EndProject
Project("{FAE04EC0-301F-11D3-BF4B-00C04F79EFBC}") = "Assembly-CSharp-Editor-firstpass", "Assembly-CSharp-Editor-firstpass.csproj", "{29C79EC1-8189-3B8F-4994-6EC55C829F57}"
EndProject
Global
	GlobalSection(SolutionConfigurationPlatforms) = preSolution
		Debug|Any CPU = Debug|Any CPU
		Release|Any CPU = Release|Any CPU
	EndGlobalSection
	GlobalSection(ProjectConfigurationPlatforms) = postSolution
		{A94BE062-E19F-8016-C883-6E9611F3C5F8}.Debug|Any CPU.ActiveCfg = Debug|Any CPU
		{A94BE062-E19F-8016-C883-6E9611F3C5F8}.Debug|Any CPU.Build.0 = Debug|Any CPU
		{A94BE062-E19F-8016-C883-6E9611F3C5F8}.Release|Any CPU.ActiveCfg = Release|Any CPU
		{A94BE062-E19F-8016-C883-6E9611F3C5F8}.Release|Any CPU.Build.0 = Release|Any CPU
		{29C79EC1-8189-3B8F-4994-6EC55C829F57}.Debug|Any CPU.ActiveCfg = Debug|Any CPU
		{29C79EC1-8189-3B8F-4994-6EC55C829F57}.Debug|Any CPU.Build.0 = Debug|Any CPU
		{29C79EC1-8189-3B8F-4994-6EC55C829F57}.Release|Any CPU.ActiveCfg = Release|Any CPU
		{29C79EC1-8189-3B8F-4994-6EC55C829F57}.Release|Any CPU.Build.0 = Release|Any CPU
	EndGlobalSection
	GlobalSection(SolutionProperties) = preSolution
		HideSolutionNode = FALSE
	EndGlobalSection
EndGlobal
